// !$*UTF8*$!
{
	archiveVersion = 1;
	classes = {
	};
	objectVersion = 56;
	objects = {

/* Begin PBXBuildFile section */
		DA980E992C18384A003BC7B7 /* AppDelegate.swift in Sources */ = {isa = PBXBuildFile; fileRef = DA980E982C18384A003BC7B7 /* AppDelegate.swift */; };
		DA980E9B2C18384A003BC7B7 /* MazeScene.sks in Resources */ = {isa = PBXBuildFile; fileRef = DA980E9A2C18384A003BC7B7 /* MazeScene.sks */; };
		DA980E9D2C18384A003BC7B7 /* Actions.sks in Resources */ = {isa = PBXBuildFile; fileRef = DA980E9C2C18384A003BC7B7 /* Actions.sks */; };
		DA980E9F2C18384A003BC7B7 /* GameScene.swift in Sources */ = {isa = PBXBuildFile; fileRef = DA980E9E2C18384A003BC7B7 /* GameScene.swift */; };
		DA980EA12C18384A003BC7B7 /* GameViewController.swift in Sources */ = {isa = PBXBuildFile; fileRef = DA980EA02C18384A003BC7B7 /* GameViewController.swift */; };
		DA980EA42C18384A003BC7B7 /* Main.storyboard in Resources */ = {isa = PBXBuildFile; fileRef = DA980EA22C18384A003BC7B7 /* Main.storyboard */; };
		DA980EA62C18384C003BC7B7 /* Assets.xcassets in Resources */ = {isa = PBXBuildFile; fileRef = DA980EA52C18384C003BC7B7 /* Assets.xcassets */; };
		DA980EA92C18384C003BC7B7 /* LaunchScreen.storyboard in Resources */ = {isa = PBXBuildFile; fileRef = DA980EA72C18384C003BC7B7 /* LaunchScreen.storyboard */; };
		DA980ED32C1B264D003BC7B7 /* MazeTileSet.sks in Resources */ = {isa = PBXBuildFile; fileRef = DA980ED22C1B264D003BC7B7 /* MazeTileSet.sks */; };
		DA980ED72C1F509D003BC7B7 /* MPModel.swift in Sources */ = {isa = PBXBuildFile; fileRef = DA980ED62C1F509D003BC7B7 /* MPModel.swift */; };
/* End PBXBuildFile section */

/* Begin PBXFileReference section */
		DA980E952C18384A003BC7B7 /* Mini2_Test.app */ = {isa = PBXFileReference; explicitFileType = wrapper.application; includeInIndex = 0; path = Mini2_Test.app; sourceTree = BUILT_PRODUCTS_DIR; };
		DA980E982C18384A003BC7B7 /* AppDelegate.swift */ = {isa = PBXFileReference; lastKnownFileType = sourcecode.swift; path = AppDelegate.swift; sourceTree = "<group>"; };
		DA980E9A2C18384A003BC7B7 /* MazeScene.sks */ = {isa = PBXFileReference; lastKnownFileType = file.sks; path = MazeScene.sks; sourceTree = "<group>"; };
		DA980E9C2C18384A003BC7B7 /* Actions.sks */ = {isa = PBXFileReference; lastKnownFileType = file.sks; path = Actions.sks; sourceTree = "<group>"; };
		DA980E9E2C18384A003BC7B7 /* GameScene.swift */ = {isa = PBXFileReference; lastKnownFileType = sourcecode.swift; path = GameScene.swift; sourceTree = "<group>"; };
		DA980EA02C18384A003BC7B7 /* GameViewController.swift */ = {isa = PBXFileReference; lastKnownFileType = sourcecode.swift; path = GameViewController.swift; sourceTree = "<group>"; };
		DA980EA32C18384A003BC7B7 /* Base */ = {isa = PBXFileReference; lastKnownFileType = file.storyboard; name = Base; path = Base.lproj/Main.storyboard; sourceTree = "<group>"; };
		DA980EA52C18384C003BC7B7 /* Assets.xcassets */ = {isa = PBXFileReference; lastKnownFileType = folder.assetcatalog; path = Assets.xcassets; sourceTree = "<group>"; };
		DA980EA82C18384C003BC7B7 /* Base */ = {isa = PBXFileReference; lastKnownFileType = file.storyboard; name = Base; path = Base.lproj/LaunchScreen.storyboard; sourceTree = "<group>"; };
		DA980ED22C1B264D003BC7B7 /* MazeTileSet.sks */ = {isa = PBXFileReference; lastKnownFileType = file.sks; path = MazeTileSet.sks; sourceTree = "<group>"; };
		DA980ED62C1F509D003BC7B7 /* MPModel.swift */ = {isa = PBXFileReference; lastKnownFileType = sourcecode.swift; path = MPModel.swift; sourceTree = "<group>"; };
/* End PBXFileReference section */

/* Begin PBXFrameworksBuildPhase section */
		DA980E922C18384A003BC7B7 /* Frameworks */ = {
			isa = PBXFrameworksBuildPhase;
			buildActionMask = 2147483647;
			files = (
			);
			runOnlyForDeploymentPostprocessing = 0;
		};
/* End PBXFrameworksBuildPhase section */

/* Begin PBXGroup section */
		DA980E8C2C18384A003BC7B7 = {
			isa = PBXGroup;
			children = (
				DA980E972C18384A003BC7B7 /* Mini2_Test */,
				DA980E962C18384A003BC7B7 /* Products */,
			);
			sourceTree = "<group>";
		};
		DA980E962C18384A003BC7B7 /* Products */ = {
			isa = PBXGroup;
			children = (
				DA980E952C18384A003BC7B7 /* Mini2_Test.app */,
			);
			name = Products;
			sourceTree = "<group>";
		};
		DA980E972C18384A003BC7B7 /* Mini2_Test */ = {
			isa = PBXGroup;
			children = (
				DA980E982C18384A003BC7B7 /* AppDelegate.swift */,
				DA980E9A2C18384A003BC7B7 /* MazeScene.sks */,
				DA980E9E2C18384A003BC7B7 /* GameScene.swift */,
				DA980EA02C18384A003BC7B7 /* GameViewController.swift */,
				DA980ED62C1F509D003BC7B7 /* MPModel.swift */,
				DA980EA22C18384A003BC7B7 /* Main.storyboard */,
				DA980EA52C18384C003BC7B7 /* Assets.xcassets */,
				DA980ED22C1B264D003BC7B7 /* MazeTileSet.sks */,
				DA980EA72C18384C003BC7B7 /* LaunchScreen.storyboard */,
				DA980E9C2C18384A003BC7B7 /* Actions.sks */,
			);
			path = Mini2_Test;
			sourceTree = "<group>";
		};
/* End PBXGroup section */

/* Begin PBXNativeTarget section */
		DA980E942C18384A003BC7B7 /* Mini2_Test */ = {
			isa = PBXNativeTarget;
			buildConfigurationList = DA980EAC2C18384C003BC7B7 /* Build configuration list for PBXNativeTarget "Mini2_Test" */;
			buildPhases = (
				DA980E912C18384A003BC7B7 /* Sources */,
				DA980E922C18384A003BC7B7 /* Frameworks */,
				DA980E932C18384A003BC7B7 /* Resources */,
			);
			buildRules = (
			);
			dependencies = (
			);
			name = Mini2_Test;
			productName = Mini2_Test;
			productReference = DA980E952C18384A003BC7B7 /* Mini2_Test.app */;
			productType = "com.apple.product-type.application";
		};
/* End PBXNativeTarget section */

/* Begin PBXProject section */
		DA980E8D2C18384A003BC7B7 /* Project object */ = {
			isa = PBXProject;
			attributes = {
				BuildIndependentTargetsInParallel = 1;
				LastSwiftUpdateCheck = 1520;
				LastUpgradeCheck = 1520;
				TargetAttributes = {
					DA980E942C18384A003BC7B7 = {
						CreatedOnToolsVersion = 15.2;
					};
				};
			};
			buildConfigurationList = DA980E902C18384A003BC7B7 /* Build configuration list for PBXProject "Mini2_Test" */;
			compatibilityVersion = "Xcode 14.0";
			developmentRegion = en;
			hasScannedForEncodings = 0;
			knownRegions = (
				en,
				Base,
			);
			mainGroup = DA980E8C2C18384A003BC7B7;
			productRefGroup = DA980E962C18384A003BC7B7 /* Products */;
			projectDirPath = "";
			projectRoot = "";
			targets = (
				DA980E942C18384A003BC7B7 /* Mini2_Test */,
			);
		};
/* End PBXProject section */

/* Begin PBXResourcesBuildPhase section */
		DA980E932C18384A003BC7B7 /* Resources */ = {
			isa = PBXResourcesBuildPhase;
			buildActionMask = 2147483647;
			files = (
				DA980EA42C18384A003BC7B7 /* Main.storyboard in Resources */,
				DA980ED32C1B264D003BC7B7 /* MazeTileSet.sks in Resources */,
				DA980E9B2C18384A003BC7B7 /* MazeScene.sks in Resources */,
				DA980EA62C18384C003BC7B7 /* Assets.xcassets in Resources */,
				DA980EA92C18384C003BC7B7 /* LaunchScreen.storyboard in Resources */,
				DA980E9D2C18384A003BC7B7 /* Actions.sks in Resources */,
			);
			runOnlyForDeploymentPostprocessing = 0;
		};
/* End PBXResourcesBuildPhase section */

/* Begin PBXSourcesBuildPhase section */
		DA980E912C18384A003BC7B7 /* Sources */ = {
			isa = PBXSourcesBuildPhase;
			buildActionMask = 2147483647;
			files = (
				DA980E9F2C18384A003BC7B7 /* GameScene.swift in Sources */,
				DA980EA12C18384A003BC7B7 /* GameViewController.swift in Sources */,
				DA980ED72C1F509D003BC7B7 /* MPModel.swift in Sources */,
				DA980E992C18384A003BC7B7 /* AppDelegate.swift in Sources */,
			);
			runOnlyForDeploymentPostprocessing = 0;
		};
/* End PBXSourcesBuildPhase section */

/* Begin PBXVariantGroup section */
		DA980EA22C18384A003BC7B7 /* Main.storyboard */ = {
			isa = PBXVariantGroup;
			children = (
				DA980EA32C18384A003BC7B7 /* Base */,
			);
			name = Main.storyboard;
			sourceTree = "<group>";
		};
		DA980EA72C18384C003BC7B7 /* LaunchScreen.storyboard */ = {
			isa = PBXVariantGroup;
			children = (
				DA980EA82C18384C003BC7B7 /* Base */,
			);
			name = LaunchScreen.storyboard;
			sourceTree = "<group>";
		};
/* End PBXVariantGroup section */

/* Begin XCBuildConfiguration section */
		DA980EAA2C18384C003BC7B7 /* Debug */ = {
			isa = XCBuildConfiguration;
			buildSettings = {
				ALWAYS_SEARCH_USER_PATHS = NO;
				ASSETCATALOG_COMPILER_GENERATE_SWIFT_ASSET_SYMBOL_EXTENSIONS = YES;
				CLANG_ANALYZER_NONNULL = YES;
				CLANG_ANALYZER_NUMBER_OBJECT_CONVERSION = YES_AGGRESSIVE;
				CLANG_CXX_LANGUAGE_STANDARD = "gnu++20";
				CLANG_ENABLE_MODULES = YES;
				CLANG_ENABLE_OBJC_ARC = YES;
				CLANG_ENABLE_OBJC_WEAK = YES;
				CLANG_WARN_BLOCK_CAPTURE_AUTORELEASING = YES;
				CLANG_WARN_BOOL_CONVERSION = YES;
				CLANG_WARN_COMMA = YES;
				CLANG_WARN_CONSTANT_CONVERSION = YES;
				CLANG_WARN_DEPRECATED_OBJC_IMPLEMENTATIONS = YES;
				CLANG_WARN_DIRECT_OBJC_ISA_USAGE = YES_ERROR;
				CLANG_WARN_DOCUMENTATION_COMMENTS = YES;
				CLANG_WARN_EMPTY_BODY = YES;
				CLANG_WARN_ENUM_CONVERSION = YES;
				CLANG_WARN_INFINITE_RECURSION = YES;
				CLANG_WARN_INT_CONVERSION = YES;
				CLANG_WARN_NON_LITERAL_NULL_CONVERSION = YES;
				CLANG_WARN_OBJC_IMPLICIT_RETAIN_SELF = YES;
				CLANG_WARN_OBJC_LITERAL_CONVERSION = YES;
				CLANG_WARN_OBJC_ROOT_CLASS = YES_ERROR;
				CLANG_WARN_QUOTED_INCLUDE_IN_FRAMEWORK_HEADER = YES;
				CLANG_WARN_RANGE_LOOP_ANALYSIS = YES;
				CLANG_WARN_STRICT_PROTOTYPES = YES;
				CLANG_WARN_SUSPICIOUS_MOVE = YES;
				CLANG_WARN_UNGUARDED_AVAILABILITY = YES_AGGRESSIVE;
				CLANG_WARN_UNREACHABLE_CODE = YES;
				CLANG_WARN__DUPLICATE_METHOD_MATCH = YES;
				COPY_PHASE_STRIP = NO;
				DEBUG_INFORMATION_FORMAT = dwarf;
				ENABLE_STRICT_OBJC_MSGSEND = YES;
				ENABLE_TESTABILITY = YES;
				ENABLE_USER_SCRIPT_SANDBOXING = YES;
				GCC_C_LANGUAGE_STANDARD = gnu17;
				GCC_DYNAMIC_NO_PIC = NO;
				GCC_NO_COMMON_BLOCKS = YES;
				GCC_OPTIMIZATION_LEVEL = 0;
				GCC_PREPROCESSOR_DEFINITIONS = (
					"DEBUG=1",
					"$(inherited)",
				);
				GCC_WARN_64_TO_32_BIT_CONVERSION = YES;
				GCC_WARN_ABOUT_RETURN_TYPE = YES_ERROR;
				GCC_WARN_UNDECLARED_SELECTOR = YES;
				GCC_WARN_UNINITIALIZED_AUTOS = YES_AGGRESSIVE;
				GCC_WARN_UNUSED_FUNCTION = YES;
				GCC_WARN_UNUSED_VARIABLE = YES;
				IPHONEOS_DEPLOYMENT_TARGET = 17.2;
				LOCALIZATION_PREFERS_STRING_CATALOGS = YES;
				MTL_ENABLE_DEBUG_INFO = INCLUDE_SOURCE;
				MTL_FAST_MATH = YES;
				ONLY_ACTIVE_ARCH = YES;
				SDKROOT = iphoneos;
				SWIFT_ACTIVE_COMPILATION_CONDITIONS = "DEBUG $(inherited)";
				SWIFT_OPTIMIZATION_LEVEL = "-Onone";
			};
			name = Debug;
		};
		DA980EAB2C18384C003BC7B7 /* Release */ = {
			isa = XCBuildConfiguration;
			buildSettings = {
				ALWAYS_SEARCH_USER_PATHS = NO;
				ASSETCATALOG_COMPILER_GENERATE_SWIFT_ASSET_SYMBOL_EXTENSIONS = YES;
				CLANG_ANALYZER_NONNULL = YES;
				CLANG_ANALYZER_NUMBER_OBJECT_CONVERSION = YES_AGGRESSIVE;
				CLANG_CXX_LANGUAGE_STANDARD = "gnu++20";
				CLANG_ENABLE_MODULES = YES;
				CLANG_ENABLE_OBJC_ARC = YES;
				CLANG_ENABLE_OBJC_WEAK = YES;
				CLANG_WARN_BLOCK_CAPTURE_AUTORELEASING = YES;
				CLANG_WARN_BOOL_CONVERSION = YES;
				CLANG_WARN_COMMA = YES;
				CLANG_WARN_CONSTANT_CONVERSION = YES;
				CLANG_WARN_DEPRECATED_OBJC_IMPLEMENTATIONS = YES;
				CLANG_WARN_DIRECT_OBJC_ISA_USAGE = YES_ERROR;
				CLANG_WARN_DOCUMENTATION_COMMENTS = YES;
				CLANG_WARN_EMPTY_BODY = YES;
				CLANG_WARN_ENUM_CONVERSION = YES;
				CLANG_WARN_INFINITE_RECURSION = YES;
				CLANG_WARN_INT_CONVERSION = YES;
				CLANG_WARN_NON_LITERAL_NULL_CONVERSION = YES;
				CLANG_WARN_OBJC_IMPLICIT_RETAIN_SELF = YES;
				CLANG_WARN_OBJC_LITERAL_CONVERSION = YES;
				CLANG_WARN_OBJC_ROOT_CLASS = YES_ERROR;
				CLANG_WARN_QUOTED_INCLUDE_IN_FRAMEWORK_HEADER = YES;
				CLANG_WARN_RANGE_LOOP_ANALYSIS = YES;
				CLANG_WARN_STRICT_PROTOTYPES = YES;
				CLANG_WARN_SUSPICIOUS_MOVE = YES;
				CLANG_WARN_UNGUARDED_AVAILABILITY = YES_AGGRESSIVE;
				CLANG_WARN_UNREACHABLE_CODE = YES;
				CLANG_WARN__DUPLICATE_METHOD_MATCH = YES;
				COPY_PHASE_STRIP = NO;
				DEBUG_INFORMATION_FORMAT = "dwarf-with-dsym";
				ENABLE_NS_ASSERTIONS = NO;
				ENABLE_STRICT_OBJC_MSGSEND = YES;
				ENABLE_USER_SCRIPT_SANDBOXING = YES;
				GCC_C_LANGUAGE_STANDARD = gnu17;
				GCC_NO_COMMON_BLOCKS = YES;
				GCC_WARN_64_TO_32_BIT_CONVERSION = YES;
				GCC_WARN_ABOUT_RETURN_TYPE = YES_ERROR;
				GCC_WARN_UNDECLARED_SELECTOR = YES;
				GCC_WARN_UNINITIALIZED_AUTOS = YES_AGGRESSIVE;
				GCC_WARN_UNUSED_FUNCTION = YES;
				GCC_WARN_UNUSED_VARIABLE = YES;
				IPHONEOS_DEPLOYMENT_TARGET = 17.2;
				LOCALIZATION_PREFERS_STRING_CATALOGS = YES;
				MTL_ENABLE_DEBUG_INFO = NO;
				MTL_FAST_MATH = YES;
				SDKROOT = iphoneos;
				SWIFT_COMPILATION_MODE = wholemodule;
				VALIDATE_PRODUCT = YES;
			};
			name = Release;
		};
		DA980EAD2C18384C003BC7B7 /* Debug */ = {
			isa = XCBuildConfiguration;
			buildSettings = {
				ASSETCATALOG_COMPILER_APPICON_NAME = AppIcon;
				ASSETCATALOG_COMPILER_GLOBAL_ACCENT_COLOR_NAME = AccentColor;
				CODE_SIGN_STYLE = Automatic;
				CURRENT_PROJECT_VERSION = 1;
				DEVELOPMENT_TEAM = 9UQ7N78T5D;
				GENERATE_INFOPLIST_FILE = YES;
				INFOPLIST_KEY_UIApplicationSupportsIndirectInputEvents = YES;
				INFOPLIST_KEY_UILaunchStoryboardName = LaunchScreen;
				INFOPLIST_KEY_UIMainStoryboardFile = Main;
				INFOPLIST_KEY_UIStatusBarHidden = YES;
				INFOPLIST_KEY_UISupportedInterfaceOrientations = "UIInterfaceOrientationLandscapeLeft UIInterfaceOrientationLandscapeRight";
				INFOPLIST_KEY_UISupportedInterfaceOrientations_iPad = "UIInterfaceOrientationLandscapeLeft UIInterfaceOrientationLandscapeRight";
				IPHONEOS_DEPLOYMENT_TARGET = 17.0;
				LD_RUNPATH_SEARCH_PATHS = (
					"$(inherited)",
					"@executable_path/Frameworks",
				);
				MARKETING_VERSION = 1.0;
				PRODUCT_BUNDLE_IDENTIFIER = "Michelle.Mini2-Test";
				PRODUCT_NAME = "$(TARGET_NAME)";
				SWIFT_EMIT_LOC_STRINGS = YES;
				SWIFT_VERSION = 5.0;
				TARGETED_DEVICE_FAMILY = "1,2";
			};
			name = Debug;
		};
		DA980EAE2C18384C003BC7B7 /* Release */ = {
			isa = XCBuildConfiguration;
			buildSettings = {
				ASSETCATALOG_COMPILER_APPICON_NAME = AppIcon;
				ASSETCATALOG_COMPILER_GLOBAL_ACCENT_COLOR_NAME = AccentColor;
				CODE_SIGN_STYLE = Automatic;
				CURRENT_PROJECT_VERSION = 1;
				DEVELOPMENT_TEAM = 9UQ7N78T5D;
				GENERATE_INFOPLIST_FILE = YES;
				INFOPLIST_KEY_UIApplicationSupportsIndirectInputEvents = YES;
				INFOPLIST_KEY_UILaunchStoryboardName = LaunchScreen;
				INFOPLIST_KEY_UIMainStoryboardFile = Main;
				INFOPLIST_KEY_UIStatusBarHidden = YES;
				INFOPLIST_KEY_UISupportedInterfaceOrientations = "UIInterfaceOrientationLandscapeLeft UIInterfaceOrientationLandscapeRight";
				INFOPLIST_KEY_UISupportedInterfaceOrientations_iPad = "UIInterfaceOrientationLandscapeLeft UIInterfaceOrientationLandscapeRight";
				IPHONEOS_DEPLOYMENT_TARGET = 17.0;
				LD_RUNPATH_SEARCH_PATHS = (
					"$(inherited)",
					"@executable_path/Frameworks",
				);
				MARKETING_VERSION = 1.0;
				PRODUCT_BUNDLE_IDENTIFIER = "Michelle.Mini2-Test";
				PRODUCT_NAME = "$(TARGET_NAME)";
				SWIFT_EMIT_LOC_STRINGS = YES;
				SWIFT_VERSION = 5.0;
				TARGETED_DEVICE_FAMILY = "1,2";
			};
			name = Release;
		};
/* End XCBuildConfiguration section */

/* Begin XCConfigurationList section */
		DA980E902C18384A003BC7B7 /* Build configuration list for PBXProject "Mini2_Test" */ = {
			isa = XCConfigurationList;
			buildConfigurations = (
				DA980EAA2C18384C003BC7B7 /* Debug */,
				DA980EAB2C18384C003BC7B7 /* Release */,
			);
			defaultConfigurationIsVisible = 0;
			defaultConfigurationName = Release;
		};
		DA980EAC2C18384C003BC7B7 /* Build configuration list for PBXNativeTarget "Mini2_Test" */ = {
			isa = XCConfigurationList;
			buildConfigurations = (
				DA980EAD2C18384C003BC7B7 /* Debug */,
				DA980EAE2C18384C003BC7B7 /* Release */,
			);
			defaultConfigurationIsVisible = 0;
			defaultConfigurationName = Release;
		};
/* End XCConfigurationList section */
	};
	rootObject = DA980E8D2C18384A003BC7B7 /* Project object */;
}
